
Microsoft Visual Studio Solution File, Format Version 12.00
# Visual Studio Version 16
VisualStudioVersion = 16.0.32929.386
MinimumVisualStudioVersion = 10.0.40219.1
Project("{FAE04EC0-301F-11D3-BF4B-00C04F79EFBC}") = "Navicon.Plugins", "Navicon.Plugins\Navicon.Plugins.csproj", "{5B15B77B-7CD4-4B76-AAF9-7E45297247D8}"
EndProject
Global
	GlobalSection(SolutionConfigurationPlatforms) = preSolution
		Debug|Any CPU = Debug|Any CPU
		Release|Any CPU = Release|Any CPU
	EndGlobalSection
	GlobalSection(ProjectConfigurationPlatforms) = postSolution
		{5B15B77B-7CD4-4B76-AAF9-7E45297247D8}.Debug|Any CPU.ActiveCfg = Debug|Any CPU
		{5B15B77B-7CD4-4B76-AAF9-7E45297247D8}.Debug|Any CPU.Build.0 = Debug|Any CPU
		{5B15B77B-7CD4-4B76-AAF9-7E45297247D8}.Release|Any CPU.ActiveCfg = Release|Any CPU
		{5B15B77B-7CD4-4B76-AAF9-7E45297247D8}.Release|Any CPU.Build.0 = Release|Any CPU
	EndGlobalSection
	GlobalSection(SolutionProperties) = preSolution
		HideSolutionNode = FALSE
	EndGlobalSection
	GlobalSection(ExtensibilityGlobals) = postSolution
		SolutionGuid = {AE43ADE0-A95A-479F-BB89-79A3DF31B67A}
	EndGlobalSection
EndGlobal
